
Microsoft Visual Studio Solution File, Format Version 12.00
# Visual Studio 14
VisualStudioVersion = 14.0.25420.1
MinimumVisualStudioVersion = 10.0.40219.1
Project("{FAE04EC0-301F-11D3-BF4B-00C04F79EFBC}") = "XFBootstrapper.Extensibility", "XFBootstrapper.Extensibility\XFBootstrapper.Extensibility.csproj", "{9DEA4256-137B-43F8-B120-240A3360B21F}"
EndProject
Project("{FAE04EC0-301F-11D3-BF4B-00C04F79EFBC}") = "XFBootstrapper.OpenWebAPI", "XFBootstrapper.OpenWebAPI\XFBootstrapper.OpenWebAPI.csproj", "{7A560B67-81CE-4B53-BFBA-21836F09152C}"
EndProject
Project("{FAE04EC0-301F-11D3-BF4B-00C04F79EFBC}") = "XFBootstrapper.OpenWebAPI.Tests", "XFBootstrapper.OpenWebAPI.Tests\XFBootstrapper.OpenWebAPI.Tests.csproj", "{2E822459-FAD9-4132-8D8C-4D64DA22864C}"
EndProject
Project("{FAE04EC0-301F-11D3-BF4B-00C04F79EFBC}") = "XFBootstrapper.WebApp", "XFBootstrapper.WebApp\XFBootstrapper.WebApp.csproj", "{16108D70-25AE-45B8-9C46-0BD5D7424115}"
EndProject
Project("{FAE04EC0-301F-11D3-BF4B-00C04F79EFBC}") = "XFBootstrapper.WebApp.Tests", "XFBootstrapper.WebApp.Tests\XFBootstrapper.WebApp.Tests.csproj", "{6F0DE575-3D0E-4EA0-A490-EE4379D6C9D6}"
EndProject
Project("{FAE04EC0-301F-11D3-BF4B-00C04F79EFBC}") = "XFBootstrapper.Extensibility.Tests", "XFBootstrapper.Extensibility.Tests\XFBootstrapper.Extensibility.Tests.csproj", "{905EA2A9-96A8-4798-83CF-2F24441E81C0}"
EndProject
Project("{FAE04EC0-301F-11D3-BF4B-00C04F79EFBC}") = "XFBootstrapper.Business", "XFBootstrapper.Business\XFBootstrapper.Business.csproj", "{D8D889F9-E574-4C66-A567-6CCE74F23AB8}"
EndProject
Project("{FAE04EC0-301F-11D3-BF4B-00C04F79EFBC}") = "XFBootstrapper.Business.Tests", "XFBootstrapper.Business.Tests\XFBootstrapper.Business.Tests.csproj", "{D4626394-5C48-4C3B-AE68-D45CF53596B5}"
EndProject
Project("{FAE04EC0-301F-11D3-BF4B-00C04F79EFBC}") = "XFBootstrapper.Plugins", "XFBootstrapper.Plugins\XFBootstrapper.Plugins.csproj", "{634C5F6C-EAB5-42D4-8109-8F03C503AE1F}"
EndProject
Global
	GlobalSection(SolutionConfigurationPlatforms) = preSolution
		Debug|Any CPU = Debug|Any CPU
		Release|Any CPU = Release|Any CPU
	EndGlobalSection
	GlobalSection(ProjectConfigurationPlatforms) = postSolution
		{9DEA4256-137B-43F8-B120-240A3360B21F}.Debug|Any CPU.ActiveCfg = Debug|Any CPU
		{9DEA4256-137B-43F8-B120-240A3360B21F}.Debug|Any CPU.Build.0 = Debug|Any CPU
		{9DEA4256-137B-43F8-B120-240A3360B21F}.Release|Any CPU.ActiveCfg = Release|Any CPU
		{9DEA4256-137B-43F8-B120-240A3360B21F}.Release|Any CPU.Build.0 = Release|Any CPU
		{7A560B67-81CE-4B53-BFBA-21836F09152C}.Debug|Any CPU.ActiveCfg = Debug|Any CPU
		{7A560B67-81CE-4B53-BFBA-21836F09152C}.Debug|Any CPU.Build.0 = Debug|Any CPU
		{7A560B67-81CE-4B53-BFBA-21836F09152C}.Release|Any CPU.ActiveCfg = Release|Any CPU
		{7A560B67-81CE-4B53-BFBA-21836F09152C}.Release|Any CPU.Build.0 = Release|Any CPU
		{2E822459-FAD9-4132-8D8C-4D64DA22864C}.Debug|Any CPU.ActiveCfg = Debug|Any CPU
		{2E822459-FAD9-4132-8D8C-4D64DA22864C}.Debug|Any CPU.Build.0 = Debug|Any CPU
		{2E822459-FAD9-4132-8D8C-4D64DA22864C}.Release|Any CPU.ActiveCfg = Release|Any CPU
		{2E822459-FAD9-4132-8D8C-4D64DA22864C}.Release|Any CPU.Build.0 = Release|Any CPU
		{16108D70-25AE-45B8-9C46-0BD5D7424115}.Debug|Any CPU.ActiveCfg = Debug|Any CPU
		{16108D70-25AE-45B8-9C46-0BD5D7424115}.Debug|Any CPU.Build.0 = Debug|Any CPU
		{16108D70-25AE-45B8-9C46-0BD5D7424115}.Release|Any CPU.ActiveCfg = Release|Any CPU
		{16108D70-25AE-45B8-9C46-0BD5D7424115}.Release|Any CPU.Build.0 = Release|Any CPU
		{6F0DE575-3D0E-4EA0-A490-EE4379D6C9D6}.Debug|Any CPU.ActiveCfg = Debug|Any CPU
		{6F0DE575-3D0E-4EA0-A490-EE4379D6C9D6}.Debug|Any CPU.Build.0 = Debug|Any CPU
		{6F0DE575-3D0E-4EA0-A490-EE4379D6C9D6}.Release|Any CPU.ActiveCfg = Release|Any CPU
		{6F0DE575-3D0E-4EA0-A490-EE4379D6C9D6}.Release|Any CPU.Build.0 = Release|Any CPU
		{905EA2A9-96A8-4798-83CF-2F24441E81C0}.Debug|Any CPU.ActiveCfg = Debug|Any CPU
		{905EA2A9-96A8-4798-83CF-2F24441E81C0}.Debug|Any CPU.Build.0 = Debug|Any CPU
		{905EA2A9-96A8-4798-83CF-2F24441E81C0}.Release|Any CPU.ActiveCfg = Release|Any CPU
		{905EA2A9-96A8-4798-83CF-2F24441E81C0}.Release|Any CPU.Build.0 = Release|Any CPU
		{D8D889F9-E574-4C66-A567-6CCE74F23AB8}.Debug|Any CPU.ActiveCfg = Debug|Any CPU
		{D8D889F9-E574-4C66-A567-6CCE74F23AB8}.Debug|Any CPU.Build.0 = Debug|Any CPU
		{D8D889F9-E574-4C66-A567-6CCE74F23AB8}.Release|Any CPU.ActiveCfg = Release|Any CPU
		{D8D889F9-E574-4C66-A567-6CCE74F23AB8}.Release|Any CPU.Build.0 = Release|Any CPU
		{D4626394-5C48-4C3B-AE68-D45CF53596B5}.Debug|Any CPU.ActiveCfg = Debug|Any CPU
		{D4626394-5C48-4C3B-AE68-D45CF53596B5}.Debug|Any CPU.Build.0 = Debug|Any CPU
		{D4626394-5C48-4C3B-AE68-D45CF53596B5}.Release|Any CPU.ActiveCfg = Release|Any CPU
		{D4626394-5C48-4C3B-AE68-D45CF53596B5}.Release|Any CPU.Build.0 = Release|Any CPU
		{634C5F6C-EAB5-42D4-8109-8F03C503AE1F}.Debug|Any CPU.ActiveCfg = Debug|Any CPU
		{634C5F6C-EAB5-42D4-8109-8F03C503AE1F}.Debug|Any CPU.Build.0 = Debug|Any CPU
		{634C5F6C-EAB5-42D4-8109-8F03C503AE1F}.Release|Any CPU.ActiveCfg = Release|Any CPU
		{634C5F6C-EAB5-42D4-8109-8F03C503AE1F}.Release|Any CPU.Build.0 = Release|Any CPU
	EndGlobalSection
	GlobalSection(SolutionProperties) = preSolution
		HideSolutionNode = FALSE
	EndGlobalSection
EndGlobal
